
Microsoft Visual Studio Solution File, Format Version 12.00
# Visual Studio Version 17
VisualStudioVersion = 17.8.34309.116
MinimumVisualStudioVersion = 10.0.40219.1
Project("{9A19103F-16F7-4668-BE54-9A1E7A4F7556}") = "ManageEmployees", "ManageEmployees\ManageEmployees.csproj", "{BDFE9311-B004-4BAF-9011-9FDB0057510C}"
EndProject
Project("{9A19103F-16F7-4668-BE54-9A1E7A4F7556}") = "ManageEmployee.Front", "ManageEmployee.Front\ManageEmployee.Front.csproj", "{D85D660C-495D-4CB8-8276-7AD261BF8E85}"
EndProject
Project("{9A19103F-16F7-4668-BE54-9A1E7A4F7556}") = "ManageEmployee.Models", "ManageEmployee.Models\ManageEmployee.Models.csproj", "{7A56A7C5-ED65-4189-93A8-7AB6F6A5F148}"
EndProject
Global
	GlobalSection(SolutionConfigurationPlatforms) = preSolution
		Debug|Any CPU = Debug|Any CPU
		Release|Any CPU = Release|Any CPU
	EndGlobalSection
	GlobalSection(ProjectConfigurationPlatforms) = postSolution
		{BDFE9311-B004-4BAF-9011-9FDB0057510C}.Debug|Any CPU.ActiveCfg = Debug|Any CPU
		{BDFE9311-B004-4BAF-9011-9FDB0057510C}.Debug|Any CPU.Build.0 = Debug|Any CPU
		{BDFE9311-B004-4BAF-9011-9FDB0057510C}.Release|Any CPU.ActiveCfg = Release|Any CPU
		{BDFE9311-B004-4BAF-9011-9FDB0057510C}.Release|Any CPU.Build.0 = Release|Any CPU
		{D85D660C-495D-4CB8-8276-7AD261BF8E85}.Debug|Any CPU.ActiveCfg = Debug|Any CPU
		{D85D660C-495D-4CB8-8276-7AD261BF8E85}.Debug|Any CPU.Build.0 = Debug|Any CPU
		{D85D660C-495D-4CB8-8276-7AD261BF8E85}.Release|Any CPU.ActiveCfg = Release|Any CPU
		{D85D660C-495D-4CB8-8276-7AD261BF8E85}.Release|Any CPU.Build.0 = Release|Any CPU
		{7A56A7C5-ED65-4189-93A8-7AB6F6A5F148}.Debug|Any CPU.ActiveCfg = Debug|Any CPU
		{7A56A7C5-ED65-4189-93A8-7AB6F6A5F148}.Debug|Any CPU.Build.0 = Debug|Any CPU
		{7A56A7C5-ED65-4189-93A8-7AB6F6A5F148}.Release|Any CPU.ActiveCfg = Release|Any CPU
		{7A56A7C5-ED65-4189-93A8-7AB6F6A5F148}.Release|Any CPU.Build.0 = Release|Any CPU
	EndGlobalSection
	GlobalSection(SolutionProperties) = preSolution
		HideSolutionNode = FALSE
	EndGlobalSection
	GlobalSection(ExtensibilityGlobals) = postSolution
		SolutionGuid = {91D47FA2-C236-44C8-9607-7906ECF052E8}
	EndGlobalSection
EndGlobal
